// !$*UTF8*$!
{
	archiveVersion = 1;
	classes = {
	};
	objectVersion = 46;
	objects = {

/* Begin PBXBuildFile section */
		2531C8FB1A58DB580028007B /* main.m in Sources */ = {isa = PBXBuildFile; fileRef = 2531C8FA1A58DB580028007B /* main.m */; };
		2531C8FE1A58DB580028007B /* AppDelegate.m in Sources */ = {isa = PBXBuildFile; fileRef = 2531C8FD1A58DB580028007B /* AppDelegate.m */; };
		2531C9011A58DB580028007B /* ViewController.m in Sources */ = {isa = PBXBuildFile; fileRef = 2531C9001A58DB580028007B /* ViewController.m */; };
		2531C9041A58DB580028007B /* Main.storyboard in Resources */ = {isa = PBXBuildFile; fileRef = 2531C9021A58DB580028007B /* Main.storyboard */; };
		2531C9061A58DB580028007B /* Images.xcassets in Resources */ = {isa = PBXBuildFile; fileRef = 2531C9051A58DB580028007B /* Images.xcassets */; };
		2531C9091A58DB580028007B /* LaunchScreen.xib in Resources */ = {isa = PBXBuildFile; fileRef = 2531C9071A58DB580028007B /* LaunchScreen.xib */; };
		2531C9151A58DB580028007B /* NSXMLParser_CodeTests.m in Sources */ = {isa = PBXBuildFile; fileRef = 2531C9141A58DB580028007B /* NSXMLParser_CodeTests.m */; };
		2531C9211A58E0C00028007B /* userxml.xml in Resources */ = {isa = PBXBuildFile; fileRef = 2531C9201A58E0C00028007B /* userxml.xml */; };
		2531C9241A58E8E10028007B /* UserInfo.m in Sources */ = {isa = PBXBuildFile; fileRef = 2531C9231A58E8E10028007B /* UserInfo.m */; };
		253AEA721A590D4D0062D016 /* UserDetailInfo.m in Sources */ = {isa = PBXBuildFile; fileRef = 253AEA711A590D4D0062D016 /* UserDetailInfo.m */; };
/* End PBXBuildFile section */

/* Begin PBXContainerItemProxy section */
		2531C90F1A58DB580028007B /* PBXContainerItemProxy */ = {
			isa = PBXContainerItemProxy;
			containerPortal = 2531C8ED1A58DB580028007B /* Project object */;
			proxyType = 1;
			remoteGlobalIDString = 2531C8F41A58DB580028007B;
			remoteInfo = NSXMLParser_Code;
		};
/* End PBXContainerItemProxy section */

/* Begin PBXFileReference section */
		2531C8F51A58DB580028007B /* NSXMLParser_Code.app */ = {isa = PBXFileReference; explicitFileType = wrapper.application; includeInIndex = 0; path = NSXMLParser_Code.app; sourceTree = BUILT_PRODUCTS_DIR; };
		2531C8F91A58DB580028007B /* Info.plist */ = {isa = PBXFileReference; lastKnownFileType = text.plist.xml; path = Info.plist; sourceTree = "<group>"; };
		2531C8FA1A58DB580028007B /* main.m */ = {isa = PBXFileReference; lastKnownFileType = sourcecode.c.objc; path = main.m; sourceTree = "<group>"; };
		2531C8FC1A58DB580028007B /* AppDelegate.h */ = {isa = PBXFileReference; lastKnownFileType = sourcecode.c.h; path = AppDelegate.h; sourceTree = "<group>"; };
		2531C8FD1A58DB580028007B /* AppDelegate.m */ = {isa = PBXFileReference; lastKnownFileType = sourcecode.c.objc; path = AppDelegate.m; sourceTree = "<group>"; };
		2531C8FF1A58DB580028007B /* ViewController.h */ = {isa = PBXFileReference; lastKnownFileType = sourcecode.c.h; path = ViewController.h; sourceTree = "<group>"; };
		2531C9001A58DB580028007B /* ViewController.m */ = {isa = PBXFileReference; lastKnownFileType = sourcecode.c.objc; path = ViewController.m; sourceTree = "<group>"; };
		2531C9031A58DB580028007B /* Base */ = {isa = PBXFileReference; lastKnownFileType = file.storyboard; name = Base; path = Base.lproj/Main.storyboard; sourceTree = "<group>"; };
		2531C9051A58DB580028007B /* Images.xcassets */ = {isa = PBXFileReference; lastKnownFileType = folder.assetcatalog; path = Images.xcassets; sourceTree = "<group>"; };
		2531C9081A58DB580028007B /* Base */ = {isa = PBXFileReference; lastKnownFileType = file.xib; name = Base; path = Base.lproj/LaunchScreen.xib; sourceTree = "<group>"; };
		2531C90E1A58DB580028007B /* NSXMLParser_CodeTests.xctest */ = {isa = PBXFileReference; explicitFileType = wrapper.cfbundle; includeInIndex = 0; path = NSXMLParser_CodeTests.xctest; sourceTree = BUILT_PRODUCTS_DIR; };
		2531C9131A58DB580028007B /* Info.plist */ = {isa = PBXFileReference; lastKnownFileType = text.plist.xml; path = Info.plist; sourceTree = "<group>"; };
		2531C9141A58DB580028007B /* NSXMLParser_CodeTests.m */ = {isa = PBXFileReference; lastKnownFileType = sourcecode.c.objc; path = NSXMLParser_CodeTests.m; sourceTree = "<group>"; };
		2531C9201A58E0C00028007B /* userxml.xml */ = {isa = PBXFileReference; fileEncoding = 4; lastKnownFileType = text.xml; path = userxml.xml; sourceTree = "<group>"; };
		2531C9221A58E8E10028007B /* UserInfo.h */ = {isa = PBXFileReference; fileEncoding = 4; lastKnownFileType = sourcecode.c.h; path = UserInfo.h; sourceTree = "<group>"; };
		2531C9231A58E8E10028007B /* UserInfo.m */ = {isa = PBXFileReference; fileEncoding = 4; lastKnownFileType = sourcecode.c.objc; path = UserInfo.m; sourceTree = "<group>"; };
		253AEA701A590D4D0062D016 /* UserDetailInfo.h */ = {isa = PBXFileReference; fileEncoding = 4; lastKnownFileType = sourcecode.c.h; path = UserDetailInfo.h; sourceTree = "<group>"; };
		253AEA711A590D4D0062D016 /* UserDetailInfo.m */ = {isa = PBXFileReference; fileEncoding = 4; lastKnownFileType = sourcecode.c.objc; path = UserDetailInfo.m; sourceTree = "<group>"; };
/* End PBXFileReference section */

/* Begin PBXFrameworksBuildPhase section */
		2531C8F21A58DB580028007B /* Frameworks */ = {
			isa = PBXFrameworksBuildPhase;
			buildActionMask = 2147483647;
			files = (
			);
			runOnlyForDeploymentPostprocessing = 0;
		};
		2531C90B1A58DB580028007B /* Frameworks */ = {
			isa = PBXFrameworksBuildPhase;
			buildActionMask = 2147483647;
			files = (
			);
			runOnlyForDeploymentPostprocessing = 0;
		};
/* End PBXFrameworksBuildPhase section */

/* Begin PBXGroup section */
		2531C8EC1A58DB580028007B = {
			isa = PBXGroup;
			children = (
				2531C8F71A58DB580028007B /* NSXMLParser_Code */,
				2531C9111A58DB580028007B /* NSXMLParser_CodeTests */,
				2531C8F61A58DB580028007B /* Products */,
			);
			sourceTree = "<group>";
		};
		2531C8F61A58DB580028007B /* Products */ = {
			isa = PBXGroup;
			children = (
				2531C8F51A58DB580028007B /* NSXMLParser_Code.app */,
				2531C90E1A58DB580028007B /* NSXMLParser_CodeTests.xctest */,
			);
			name = Products;
			sourceTree = "<group>";
		};
		2531C8F71A58DB580028007B /* NSXMLParser_Code */ = {
			isa = PBXGroup;
			children = (
				2531C9201A58E0C00028007B /* userxml.xml */,
				2531C8FC1A58DB580028007B /* AppDelegate.h */,
				2531C8FD1A58DB580028007B /* AppDelegate.m */,
				2531C8FF1A58DB580028007B /* ViewController.h */,
				2531C9001A58DB580028007B /* ViewController.m */,
				2531C9221A58E8E10028007B /* UserInfo.h */,
				2531C9231A58E8E10028007B /* UserInfo.m */,
				253AEA701A590D4D0062D016 /* UserDetailInfo.h */,
				253AEA711A590D4D0062D016 /* UserDetailInfo.m */,
				2531C9021A58DB580028007B /* Main.storyboard */,
				2531C9051A58DB580028007B /* Images.xcassets */,
				2531C9071A58DB580028007B /* LaunchScreen.xib */,
				2531C8F81A58DB580028007B /* Supporting Files */,
			);
			path = NSXMLParser_Code;
			sourceTree = "<group>";
		};
		2531C8F81A58DB580028007B /* Supporting Files */ = {
			isa = PBXGroup;
			children = (
				2531C8F91A58DB580028007B /* Info.plist */,
				2531C8FA1A58DB580028007B /* main.m */,
			);
			name = "Supporting Files";
			sourceTree = "<group>";
		};
		2531C9111A58DB580028007B /* NSXMLParser_CodeTests */ = {
			isa = PBXGroup;
			children = (
				2531C9141A58DB580028007B /* NSXMLParser_CodeTests.m */,
				2531C9121A58DB580028007B /* Supporting Files */,
			);
			path = NSXMLParser_CodeTests;
			sourceTree = "<group>";
		};
		2531C9121A58DB580028007B /* Supporting Files */ = {
			isa = PBXGroup;
			children = (
				2531C9131A58DB580028007B /* Info.plist */,
			);
			name = "Supporting Files";
			sourceTree = "<group>";
		};
/* End PBXGroup section */

/* Begin PBXNativeTarget section */
		2531C8F41A58DB580028007B /* NSXMLParser_Code */ = {
			isa = PBXNativeTarget;
			buildConfigurationList = 2531C9181A58DB580028007B /* Build configuration list for PBXNativeTarget "NSXMLParser_Code" */;
			buildPhases = (
				2531C8F11A58DB580028007B /* Sources */,
				2531C8F21A58DB580028007B /* Frameworks */,
				2531C8F31A58DB580028007B /* Resources */,
			);
			buildRules = (
			);
			dependencies = (
			);
			name = NSXMLParser_Code;
			productName = NSXMLParser_Code;
			productReference = 2531C8F51A58DB580028007B /* NSXMLParser_Code.app */;
			productType = "com.apple.product-type.application";
		};
		2531C90D1A58DB580028007B /* NSXMLParser_CodeTests */ = {
			isa = PBXNativeTarget;
			buildConfigurationList = 2531C91B1A58DB580028007B /* Build configuration list for PBXNativeTarget "NSXMLParser_CodeTests" */;
			buildPhases = (
				2531C90A1A58DB580028007B /* Sources */,
				2531C90B1A58DB580028007B /* Frameworks */,
				2531C90C1A58DB580028007B /* Resources */,
			);
			buildRules = (
			);
			dependencies = (
				2531C9101A58DB580028007B /* PBXTargetDependency */,
			);
			name = NSXMLParser_CodeTests;
			productName = NSXMLParser_CodeTests;
			productReference = 2531C90E1A58DB580028007B /* NSXMLParser_CodeTests.xctest */;
			productType = "com.apple.product-type.bundle.unit-test";
		};
/* End PBXNativeTarget section */

/* Begin PBXProject section */
		2531C8ED1A58DB580028007B /* Project object */ = {
			isa = PBXProject;
			attributes = {
				LastUpgradeCheck = 0610;
				ORGANIZATIONNAME = ruian;
				TargetAttributes = {
					2531C8F41A58DB580028007B = {
						CreatedOnToolsVersion = 6.1.1;
					};
					2531C90D1A58DB580028007B = {
						CreatedOnToolsVersion = 6.1.1;
						TestTargetID = 2531C8F41A58DB580028007B;
					};
				};
			};
			buildConfigurationList = 2531C8F01A58DB580028007B /* Build configuration list for PBXProject "NSXMLParser_Code" */;
			compatibilityVersion = "Xcode 3.2";
			developmentRegion = English;
			hasScannedForEncodings = 0;
			knownRegions = (
				en,
				Base,
			);
			mainGroup = 2531C8EC1A58DB580028007B;
			productRefGroup = 2531C8F61A58DB580028007B /* Products */;
			projectDirPath = "";
			projectRoot = "";
			targets = (
				2531C8F41A58DB580028007B /* NSXMLParser_Code */,
				2531C90D1A58DB580028007B /* NSXMLParser_CodeTests */,
			);
		};
/* End PBXProject section */

/* Begin PBXResourcesBuildPhase section */
		2531C8F31A58DB580028007B /* Resources */ = {
			isa = PBXResourcesBuildPhase;
			buildActionMask = 2147483647;
			files = (
				2531C9211A58E0C00028007B /* userxml.xml in Resources */,
				2531C9041A58DB580028007B /* Main.storyboard in Resources */,
				2531C9091A58DB580028007B /* LaunchScreen.xib in Resources */,
				2531C9061A58DB580028007B /* Images.xcassets in Resources */,
			);
			runOnlyForDeploymentPostprocessing = 0;
		};
		2531C90C1A58DB580028007B /* Resources */ = {
			isa = PBXResourcesBuildPhase;
			buildActionMask = 2147483647;
			files = (
			);
			runOnlyForDeploymentPostprocessing = 0;
		};
/* End PBXResourcesBuildPhase section */

/* Begin PBXSourcesBuildPhase section */
		2531C8F11A58DB580028007B /* Sources */ = {
			isa = PBXSourcesBuildPhase;
			buildActionMask = 2147483647;
			files = (
				2531C9241A58E8E10028007B /* UserInfo.m in Sources */,
				253AEA721A590D4D0062D016 /* UserDetailInfo.m in Sources */,
				2531C9011A58DB580028007B /* ViewController.m in Sources */,
				2531C8FE1A58DB580028007B /* AppDelegate.m in Sources */,
				2531C8FB1A58DB580028007B /* main.m in Sources */,
			);
			runOnlyForDeploymentPostprocessing = 0;
		};
		2531C90A1A58DB580028007B /* Sources */ = {
			isa = PBXSourcesBuildPhase;
			buildActionMask = 2147483647;
			files = (
				2531C9151A58DB580028007B /* NSXMLParser_CodeTests.m in Sources */,
			);
			runOnlyForDeploymentPostprocessing = 0;
		};
/* End PBXSourcesBuildPhase section */

/* Begin PBXTargetDependency section */
		2531C9101A58DB580028007B /* PBXTargetDependency */ = {
			isa = PBXTargetDependency;
			target = 2531C8F41A58DB580028007B /* NSXMLParser_Code */;
			targetProxy = 2531C90F1A58DB580028007B /* PBXContainerItemProxy */;
		};
/* End PBXTargetDependency section */

/* Begin PBXVariantGroup section */
		2531C9021A58DB580028007B /* Main.storyboard */ = {
			isa = PBXVariantGroup;
			children = (
				2531C9031A58DB580028007B /* Base */,
			);
			name = Main.storyboard;
			sourceTree = "<group>";
		};
		2531C9071A58DB580028007B /* LaunchScreen.xib */ = {
			isa = PBXVariantGroup;
			children = (
				2531C9081A58DB580028007B /* Base */,
			);
			name = LaunchScreen.xib;
			sourceTree = "<group>";
		};
/* End PBXVariantGroup section */

/* Begin XCBuildConfiguration section */
		2531C9161A58DB580028007B /* Debug */ = {
			isa = XCBuildConfiguration;
			buildSettings = {
				ALWAYS_SEARCH_USER_PATHS = NO;
				CLANG_CXX_LANGUAGE_STANDARD = "gnu++0x";
				CLANG_CXX_LIBRARY = "libc++";
				CLANG_ENABLE_MODULES = YES;
				CLANG_ENABLE_OBJC_ARC = YES;
				CLANG_WARN_BOOL_CONVERSION = YES;
				CLANG_WARN_CONSTANT_CONVERSION = YES;
				CLANG_WARN_DIRECT_OBJC_ISA_USAGE = YES_ERROR;
				CLANG_WARN_EMPTY_BODY = YES;
				CLANG_WARN_ENUM_CONVERSION = YES;
				CLANG_WARN_INT_CONVERSION = YES;
				CLANG_WARN_OBJC_ROOT_CLASS = YES_ERROR;
				CLANG_WARN_UNREACHABLE_CODE = YES;
				CLANG_WARN__DUPLICATE_METHOD_MATCH = YES;
				"CODE_SIGN_IDENTITY[sdk=iphoneos*]" = "iPhone Developer";
				COPY_PHASE_STRIP = NO;
				ENABLE_STRICT_OBJC_MSGSEND = YES;
				GCC_C_LANGUAGE_STANDARD = gnu99;
				GCC_DYNAMIC_NO_PIC = NO;
				GCC_OPTIMIZATION_LEVEL = 0;
				GCC_PREPROCESSOR_DEFINITIONS = (
					"DEBUG=1",
					"$(inherited)",
				);
				GCC_SYMBOLS_PRIVATE_EXTERN = NO;
				GCC_WARN_64_TO_32_BIT_CONVERSION = YES;
				GCC_WARN_ABOUT_RETURN_TYPE = YES_ERROR;
				GCC_WARN_UNDECLARED_SELECTOR = YES;
				GCC_WARN_UNINITIALIZED_AUTOS = YES_AGGRESSIVE;
				GCC_WARN_UNUSED_FUNCTION = YES;
				GCC_WARN_UNUSED_VARIABLE = YES;
				IPHONEOS_DEPLOYMENT_TARGET = 8.1;
				MTL_ENABLE_DEBUG_INFO = YES;
				ONLY_ACTIVE_ARCH = YES;
				SDKROOT = iphoneos;
			};
			name = Debug;
		};
		2531C9171A58DB580028007B /* Release */ = {
			isa = XCBuildConfiguration;
			buildSettings = {
				ALWAYS_SEARCH_USER_PATHS = NO;
				CLANG_CXX_LANGUAGE_STANDARD = "gnu++0x";
				CLANG_CXX_LIBRARY = "libc++";
				CLANG_ENABLE_MODULES = YES;
				CLANG_ENABLE_OBJC_ARC = YES;
				CLANG_WARN_BOOL_CONVERSION = YES;
				CLANG_WARN_CONSTANT_CONVERSION = YES;
				CLANG_WARN_DIRECT_OBJC_ISA_USAGE = YES_ERROR;
				CLANG_WARN_EMPTY_BODY = YES;
				CLANG_WARN_ENUM_CONVERSION = YES;
				CLANG_WARN_INT_CONVERSION = YES;
				CLANG_WARN_OBJC_ROOT_CLASS = YES_ERROR;
				CLANG_WARN_UNREACHABLE_CODE = YES;
				CLANG_WARN__DUPLICATE_METHOD_MATCH = YES;
				"CODE_SIGN_IDENTITY[sdk=iphoneos*]" = "iPhone Developer";
				COPY_PHASE_STRIP = YES;
				ENABLE_NS_ASSERTIONS = NO;
				ENABLE_STRICT_OBJC_MSGSEND = YES;
				GCC_C_LANGUAGE_STANDARD = gnu99;
				GCC_WARN_64_TO_32_BIT_CONVERSION = YES;
				GCC_WARN_ABOUT_RETURN_TYPE = YES_ERROR;
				GCC_WARN_UNDECLARED_SELECTOR = YES;
				GCC_WARN_UNINITIALIZED_AUTOS = YES_AGGRESSIVE;
				GCC_WARN_UNUSED_FUNCTION = YES;
				GCC_WARN_UNUSED_VARIABLE = YES;
				IPHONEOS_DEPLOYMENT_TARGET = 8.1;
				MTL_ENABLE_DEBUG_INFO = NO;
				SDKROOT = iphoneos;
				VALIDATE_PRODUCT = YES;
			};
			name = Release;
		};
		2531C9191A58DB580028007B /* Debug */ = {
			isa = XCBuildConfiguration;
			buildSettings = {
				ASSETCATALOG_COMPILER_APPICON_NAME = AppIcon;
				INFOPLIST_FILE = NSXMLParser_Code/Info.plist;
				LD_RUNPATH_SEARCH_PATHS = "$(inherited) @executable_path/Frameworks";
				PRODUCT_NAME = "$(TARGET_NAME)";
			};
			name = Debug;
		};
		2531C91A1A58DB580028007B /* Release */ = {
			isa = XCBuildConfiguration;
			buildSettings = {
				ASSETCATALOG_COMPILER_APPICON_NAME = AppIcon;
				INFOPLIST_FILE = NSXMLParser_Code/Info.plist;
				LD_RUNPATH_SEARCH_PATHS = "$(inherited) @executable_path/Frameworks";
				PRODUCT_NAME = "$(TARGET_NAME)";
			};
			name = Release;
		};
		2531C91C1A58DB580028007B /* Debug */ = {
			isa = XCBuildConfiguration;
			buildSettings = {
				BUNDLE_LOADER = "$(TEST_HOST)";
				FRAMEWORK_SEARCH_PATHS = (
					"$(SDKROOT)/Developer/Library/Frameworks",
					"$(inherited)",
				);
				GCC_PREPROCESSOR_DEFINITIONS = (
					"DEBUG=1",
					"$(inherited)",
				);
				INFOPLIST_FILE = NSXMLParser_CodeTests/Info.plist;
				LD_RUNPATH_SEARCH_PATHS = "$(inherited) @executable_path/Frameworks @loader_path/Frameworks";
				PRODUCT_NAME = "$(TARGET_NAME)";
				TEST_HOST = "$(BUILT_PRODUCTS_DIR)/NSXMLParser_Code.app/NSXMLParser_Code";
			};
			name = Debug;
		};
		2531C91D1A58DB580028007B /* Release */ = {
			isa = XCBuildConfiguration;
			buildSettings = {
				BUNDLE_LOADER = "$(TEST_HOST)";
				FRAMEWORK_SEARCH_PATHS = (
					"$(SDKROOT)/Developer/Library/Frameworks",
					"$(inherited)",
				);
				INFOPLIST_FILE = NSXMLParser_CodeTests/Info.plist;
				LD_RUNPATH_SEARCH_PATHS = "$(inherited) @executable_path/Frameworks @loader_path/Frameworks";
				PRODUCT_NAME = "$(TARGET_NAME)";
				TEST_HOST = "$(BUILT_PRODUCTS_DIR)/NSXMLParser_Code.app/NSXMLParser_Code";
			};
			name = Release;
		};
/* End XCBuildConfiguration section */

/* Begin XCConfigurationList section */
		2531C8F01A58DB580028007B /* Build configuration list for PBXProject "NSXMLParser_Code" */ = {
			isa = XCConfigurationList;
			buildConfigurations = (
				2531C9161A58DB580028007B /* Debug */,
				2531C9171A58DB580028007B /* Release */,
			);
			defaultConfigurationIsVisible = 0;
			defaultConfigurationName = Release;
		};
		2531C9181A58DB580028007B /* Build configuration list for PBXNativeTarget "NSXMLParser_Code" */ = {
			isa = XCConfigurationList;
			buildConfigurations = (
				2531C9191A58DB580028007B /* Debug */,
				2531C91A1A58DB580028007B /* Release */,
			);
			defaultConfigurationIsVisible = 0;
			defaultConfigurationName = Release;
		};
		2531C91B1A58DB580028007B /* Build configuration list for PBXNativeTarget "NSXMLParser_CodeTests" */ = {
			isa = XCConfigurationList;
			buildConfigurations = (
				2531C91C1A58DB580028007B /* Debug */,
				2531C91D1A58DB580028007B /* Release */,
			);
			defaultConfigurationIsVisible = 0;
			defaultConfigurationName = Release;
		};
/* End XCConfigurationList section */
	};
	rootObject = 2531C8ED1A58DB580028007B /* Project object */;
}
