// !$*UTF8*$!
{
	archiveVersion = 1;
	classes = {
	};
	objectVersion = 46;
	objects = {

/* Begin PBXBuildFile section */
		252A1CA61A6524730091CA1B /* main.m in Sources */ = {isa = PBXBuildFile; fileRef = 252A1CA51A6524730091CA1B /* main.m */; };
		252A1CA91A6524730091CA1B /* AppDelegate.m in Sources */ = {isa = PBXBuildFile; fileRef = 252A1CA81A6524730091CA1B /* AppDelegate.m */; };
		252A1CAC1A6524730091CA1B /* ViewController.m in Sources */ = {isa = PBXBuildFile; fileRef = 252A1CAB1A6524730091CA1B /* ViewController.m */; };
		252A1CAF1A6524730091CA1B /* Main.storyboard in Resources */ = {isa = PBXBuildFile; fileRef = 252A1CAD1A6524730091CA1B /* Main.storyboard */; };
		252A1CB11A6524730091CA1B /* Images.xcassets in Resources */ = {isa = PBXBuildFile; fileRef = 252A1CB01A6524730091CA1B /* Images.xcassets */; };
		252A1CB41A6524730091CA1B /* LaunchScreen.xib in Resources */ = {isa = PBXBuildFile; fileRef = 252A1CB21A6524730091CA1B /* LaunchScreen.xib */; };
		252A1CC01A6524740091CA1B /* RunLoopTests.m in Sources */ = {isa = PBXBuildFile; fileRef = 252A1CBF1A6524740091CA1B /* RunLoopTests.m */; };
/* End PBXBuildFile section */

/* Begin PBXContainerItemProxy section */
		252A1CBA1A6524740091CA1B /* PBXContainerItemProxy */ = {
			isa = PBXContainerItemProxy;
			containerPortal = 252A1C981A6524730091CA1B /* Project object */;
			proxyType = 1;
			remoteGlobalIDString = 252A1C9F1A6524730091CA1B;
			remoteInfo = RunLoop;
		};
/* End PBXContainerItemProxy section */

/* Begin PBXFileReference section */
		252A1CA01A6524730091CA1B /* RunLoop.app */ = {isa = PBXFileReference; explicitFileType = wrapper.application; includeInIndex = 0; path = RunLoop.app; sourceTree = BUILT_PRODUCTS_DIR; };
		252A1CA41A6524730091CA1B /* Info.plist */ = {isa = PBXFileReference; lastKnownFileType = text.plist.xml; path = Info.plist; sourceTree = "<group>"; };
		252A1CA51A6524730091CA1B /* main.m */ = {isa = PBXFileReference; lastKnownFileType = sourcecode.c.objc; path = main.m; sourceTree = "<group>"; };
		252A1CA71A6524730091CA1B /* AppDelegate.h */ = {isa = PBXFileReference; lastKnownFileType = sourcecode.c.h; path = AppDelegate.h; sourceTree = "<group>"; };
		252A1CA81A6524730091CA1B /* AppDelegate.m */ = {isa = PBXFileReference; lastKnownFileType = sourcecode.c.objc; path = AppDelegate.m; sourceTree = "<group>"; };
		252A1CAA1A6524730091CA1B /* ViewController.h */ = {isa = PBXFileReference; lastKnownFileType = sourcecode.c.h; path = ViewController.h; sourceTree = "<group>"; };
		252A1CAB1A6524730091CA1B /* ViewController.m */ = {isa = PBXFileReference; lastKnownFileType = sourcecode.c.objc; path = ViewController.m; sourceTree = "<group>"; };
		252A1CAE1A6524730091CA1B /* Base */ = {isa = PBXFileReference; lastKnownFileType = file.storyboard; name = Base; path = Base.lproj/Main.storyboard; sourceTree = "<group>"; };
		252A1CB01A6524730091CA1B /* Images.xcassets */ = {isa = PBXFileReference; lastKnownFileType = folder.assetcatalog; path = Images.xcassets; sourceTree = "<group>"; };
		252A1CB31A6524730091CA1B /* Base */ = {isa = PBXFileReference; lastKnownFileType = file.xib; name = Base; path = Base.lproj/LaunchScreen.xib; sourceTree = "<group>"; };
		252A1CB91A6524740091CA1B /* RunLoopTests.xctest */ = {isa = PBXFileReference; explicitFileType = wrapper.cfbundle; includeInIndex = 0; path = RunLoopTests.xctest; sourceTree = BUILT_PRODUCTS_DIR; };
		252A1CBE1A6524740091CA1B /* Info.plist */ = {isa = PBXFileReference; lastKnownFileType = text.plist.xml; path = Info.plist; sourceTree = "<group>"; };
		252A1CBF1A6524740091CA1B /* RunLoopTests.m */ = {isa = PBXFileReference; lastKnownFileType = sourcecode.c.objc; path = RunLoopTests.m; sourceTree = "<group>"; };
/* End PBXFileReference section */

/* Begin PBXFrameworksBuildPhase section */
		252A1C9D1A6524730091CA1B /* Frameworks */ = {
			isa = PBXFrameworksBuildPhase;
			buildActionMask = 2147483647;
			files = (
			);
			runOnlyForDeploymentPostprocessing = 0;
		};
		252A1CB61A6524740091CA1B /* Frameworks */ = {
			isa = PBXFrameworksBuildPhase;
			buildActionMask = 2147483647;
			files = (
			);
			runOnlyForDeploymentPostprocessing = 0;
		};
/* End PBXFrameworksBuildPhase section */

/* Begin PBXGroup section */
		252A1C971A6524730091CA1B = {
			isa = PBXGroup;
			children = (
				252A1CA21A6524730091CA1B /* RunLoop */,
				252A1CBC1A6524740091CA1B /* RunLoopTests */,
				252A1CA11A6524730091CA1B /* Products */,
			);
			sourceTree = "<group>";
		};
		252A1CA11A6524730091CA1B /* Products */ = {
			isa = PBXGroup;
			children = (
				252A1CA01A6524730091CA1B /* RunLoop.app */,
				252A1CB91A6524740091CA1B /* RunLoopTests.xctest */,
			);
			name = Products;
			sourceTree = "<group>";
		};
		252A1CA21A6524730091CA1B /* RunLoop */ = {
			isa = PBXGroup;
			children = (
				252A1CA71A6524730091CA1B /* AppDelegate.h */,
				252A1CA81A6524730091CA1B /* AppDelegate.m */,
				252A1CAA1A6524730091CA1B /* ViewController.h */,
				252A1CAB1A6524730091CA1B /* ViewController.m */,
				252A1CAD1A6524730091CA1B /* Main.storyboard */,
				252A1CB01A6524730091CA1B /* Images.xcassets */,
				252A1CB21A6524730091CA1B /* LaunchScreen.xib */,
				252A1CA31A6524730091CA1B /* Supporting Files */,
			);
			path = RunLoop;
			sourceTree = "<group>";
		};
		252A1CA31A6524730091CA1B /* Supporting Files */ = {
			isa = PBXGroup;
			children = (
				252A1CA41A6524730091CA1B /* Info.plist */,
				252A1CA51A6524730091CA1B /* main.m */,
			);
			name = "Supporting Files";
			sourceTree = "<group>";
		};
		252A1CBC1A6524740091CA1B /* RunLoopTests */ = {
			isa = PBXGroup;
			children = (
				252A1CBF1A6524740091CA1B /* RunLoopTests.m */,
				252A1CBD1A6524740091CA1B /* Supporting Files */,
			);
			path = RunLoopTests;
			sourceTree = "<group>";
		};
		252A1CBD1A6524740091CA1B /* Supporting Files */ = {
			isa = PBXGroup;
			children = (
				252A1CBE1A6524740091CA1B /* Info.plist */,
			);
			name = "Supporting Files";
			sourceTree = "<group>";
		};
/* End PBXGroup section */

/* Begin PBXNativeTarget section */
		252A1C9F1A6524730091CA1B /* RunLoop */ = {
			isa = PBXNativeTarget;
			buildConfigurationList = 252A1CC31A6524740091CA1B /* Build configuration list for PBXNativeTarget "RunLoop" */;
			buildPhases = (
				252A1C9C1A6524730091CA1B /* Sources */,
				252A1C9D1A6524730091CA1B /* Frameworks */,
				252A1C9E1A6524730091CA1B /* Resources */,
			);
			buildRules = (
			);
			dependencies = (
			);
			name = RunLoop;
			productName = RunLoop;
			productReference = 252A1CA01A6524730091CA1B /* RunLoop.app */;
			productType = "com.apple.product-type.application";
		};
		252A1CB81A6524740091CA1B /* RunLoopTests */ = {
			isa = PBXNativeTarget;
			buildConfigurationList = 252A1CC61A6524740091CA1B /* Build configuration list for PBXNativeTarget "RunLoopTests" */;
			buildPhases = (
				252A1CB51A6524740091CA1B /* Sources */,
				252A1CB61A6524740091CA1B /* Frameworks */,
				252A1CB71A6524740091CA1B /* Resources */,
			);
			buildRules = (
			);
			dependencies = (
				252A1CBB1A6524740091CA1B /* PBXTargetDependency */,
			);
			name = RunLoopTests;
			productName = RunLoopTests;
			productReference = 252A1CB91A6524740091CA1B /* RunLoopTests.xctest */;
			productType = "com.apple.product-type.bundle.unit-test";
		};
/* End PBXNativeTarget section */

/* Begin PBXProject section */
		252A1C981A6524730091CA1B /* Project object */ = {
			isa = PBXProject;
			attributes = {
				LastUpgradeCheck = 0610;
				ORGANIZATIONNAME = ruian;
				TargetAttributes = {
					252A1C9F1A6524730091CA1B = {
						CreatedOnToolsVersion = 6.1.1;
					};
					252A1CB81A6524740091CA1B = {
						CreatedOnToolsVersion = 6.1.1;
						TestTargetID = 252A1C9F1A6524730091CA1B;
					};
				};
			};
			buildConfigurationList = 252A1C9B1A6524730091CA1B /* Build configuration list for PBXProject "RunLoop" */;
			compatibilityVersion = "Xcode 3.2";
			developmentRegion = English;
			hasScannedForEncodings = 0;
			knownRegions = (
				en,
				Base,
			);
			mainGroup = 252A1C971A6524730091CA1B;
			productRefGroup = 252A1CA11A6524730091CA1B /* Products */;
			projectDirPath = "";
			projectRoot = "";
			targets = (
				252A1C9F1A6524730091CA1B /* RunLoop */,
				252A1CB81A6524740091CA1B /* RunLoopTests */,
			);
		};
/* End PBXProject section */

/* Begin PBXResourcesBuildPhase section */
		252A1C9E1A6524730091CA1B /* Resources */ = {
			isa = PBXResourcesBuildPhase;
			buildActionMask = 2147483647;
			files = (
				252A1CAF1A6524730091CA1B /* Main.storyboard in Resources */,
				252A1CB41A6524730091CA1B /* LaunchScreen.xib in Resources */,
				252A1CB11A6524730091CA1B /* Images.xcassets in Resources */,
			);
			runOnlyForDeploymentPostprocessing = 0;
		};
		252A1CB71A6524740091CA1B /* Resources */ = {
			isa = PBXResourcesBuildPhase;
			buildActionMask = 2147483647;
			files = (
			);
			runOnlyForDeploymentPostprocessing = 0;
		};
/* End PBXResourcesBuildPhase section */

/* Begin PBXSourcesBuildPhase section */
		252A1C9C1A6524730091CA1B /* Sources */ = {
			isa = PBXSourcesBuildPhase;
			buildActionMask = 2147483647;
			files = (
				252A1CAC1A6524730091CA1B /* ViewController.m in Sources */,
				252A1CA91A6524730091CA1B /* AppDelegate.m in Sources */,
				252A1CA61A6524730091CA1B /* main.m in Sources */,
			);
			runOnlyForDeploymentPostprocessing = 0;
		};
		252A1CB51A6524740091CA1B /* Sources */ = {
			isa = PBXSourcesBuildPhase;
			buildActionMask = 2147483647;
			files = (
				252A1CC01A6524740091CA1B /* RunLoopTests.m in Sources */,
			);
			runOnlyForDeploymentPostprocessing = 0;
		};
/* End PBXSourcesBuildPhase section */

/* Begin PBXTargetDependency section */
		252A1CBB1A6524740091CA1B /* PBXTargetDependency */ = {
			isa = PBXTargetDependency;
			target = 252A1C9F1A6524730091CA1B /* RunLoop */;
			targetProxy = 252A1CBA1A6524740091CA1B /* PBXContainerItemProxy */;
		};
/* End PBXTargetDependency section */

/* Begin PBXVariantGroup section */
		252A1CAD1A6524730091CA1B /* Main.storyboard */ = {
			isa = PBXVariantGroup;
			children = (
				252A1CAE1A6524730091CA1B /* Base */,
			);
			name = Main.storyboard;
			sourceTree = "<group>";
		};
		252A1CB21A6524730091CA1B /* LaunchScreen.xib */ = {
			isa = PBXVariantGroup;
			children = (
				252A1CB31A6524730091CA1B /* Base */,
			);
			name = LaunchScreen.xib;
			sourceTree = "<group>";
		};
/* End PBXVariantGroup section */

/* Begin XCBuildConfiguration section */
		252A1CC11A6524740091CA1B /* Debug */ = {
			isa = XCBuildConfiguration;
			buildSettings = {
				ALWAYS_SEARCH_USER_PATHS = NO;
				CLANG_CXX_LANGUAGE_STANDARD = "gnu++0x";
				CLANG_CXX_LIBRARY = "libc++";
				CLANG_ENABLE_MODULES = YES;
				CLANG_ENABLE_OBJC_ARC = YES;
				CLANG_WARN_BOOL_CONVERSION = YES;
				CLANG_WARN_CONSTANT_CONVERSION = YES;
				CLANG_WARN_DIRECT_OBJC_ISA_USAGE = YES_ERROR;
				CLANG_WARN_EMPTY_BODY = YES;
				CLANG_WARN_ENUM_CONVERSION = YES;
				CLANG_WARN_INT_CONVERSION = YES;
				CLANG_WARN_OBJC_ROOT_CLASS = YES_ERROR;
				CLANG_WARN_UNREACHABLE_CODE = YES;
				CLANG_WARN__DUPLICATE_METHOD_MATCH = YES;
				"CODE_SIGN_IDENTITY[sdk=iphoneos*]" = "iPhone Developer";
				COPY_PHASE_STRIP = NO;
				ENABLE_STRICT_OBJC_MSGSEND = YES;
				GCC_C_LANGUAGE_STANDARD = gnu99;
				GCC_DYNAMIC_NO_PIC = NO;
				GCC_OPTIMIZATION_LEVEL = 0;
				GCC_PREPROCESSOR_DEFINITIONS = (
					"DEBUG=1",
					"$(inherited)",
				);
				GCC_SYMBOLS_PRIVATE_EXTERN = NO;
				GCC_WARN_64_TO_32_BIT_CONVERSION = YES;
				GCC_WARN_ABOUT_RETURN_TYPE = YES_ERROR;
				GCC_WARN_UNDECLARED_SELECTOR = YES;
				GCC_WARN_UNINITIALIZED_AUTOS = YES_AGGRESSIVE;
				GCC_WARN_UNUSED_FUNCTION = YES;
				GCC_WARN_UNUSED_VARIABLE = YES;
				IPHONEOS_DEPLOYMENT_TARGET = 8.1;
				MTL_ENABLE_DEBUG_INFO = YES;
				ONLY_ACTIVE_ARCH = YES;
				SDKROOT = iphoneos;
			};
			name = Debug;
		};
		252A1CC21A6524740091CA1B /* Release */ = {
			isa = XCBuildConfiguration;
			buildSettings = {
				ALWAYS_SEARCH_USER_PATHS = NO;
				CLANG_CXX_LANGUAGE_STANDARD = "gnu++0x";
				CLANG_CXX_LIBRARY = "libc++";
				CLANG_ENABLE_MODULES = YES;
				CLANG_ENABLE_OBJC_ARC = YES;
				CLANG_WARN_BOOL_CONVERSION = YES;
				CLANG_WARN_CONSTANT_CONVERSION = YES;
				CLANG_WARN_DIRECT_OBJC_ISA_USAGE = YES_ERROR;
				CLANG_WARN_EMPTY_BODY = YES;
				CLANG_WARN_ENUM_CONVERSION = YES;
				CLANG_WARN_INT_CONVERSION = YES;
				CLANG_WARN_OBJC_ROOT_CLASS = YES_ERROR;
				CLANG_WARN_UNREACHABLE_CODE = YES;
				CLANG_WARN__DUPLICATE_METHOD_MATCH = YES;
				"CODE_SIGN_IDENTITY[sdk=iphoneos*]" = "iPhone Developer";
				COPY_PHASE_STRIP = YES;
				ENABLE_NS_ASSERTIONS = NO;
				ENABLE_STRICT_OBJC_MSGSEND = YES;
				GCC_C_LANGUAGE_STANDARD = gnu99;
				GCC_WARN_64_TO_32_BIT_CONVERSION = YES;
				GCC_WARN_ABOUT_RETURN_TYPE = YES_ERROR;
				GCC_WARN_UNDECLARED_SELECTOR = YES;
				GCC_WARN_UNINITIALIZED_AUTOS = YES_AGGRESSIVE;
				GCC_WARN_UNUSED_FUNCTION = YES;
				GCC_WARN_UNUSED_VARIABLE = YES;
				IPHONEOS_DEPLOYMENT_TARGET = 8.1;
				MTL_ENABLE_DEBUG_INFO = NO;
				SDKROOT = iphoneos;
				VALIDATE_PRODUCT = YES;
			};
			name = Release;
		};
		252A1CC41A6524740091CA1B /* Debug */ = {
			isa = XCBuildConfiguration;
			buildSettings = {
				ASSETCATALOG_COMPILER_APPICON_NAME = AppIcon;
				INFOPLIST_FILE = RunLoop/Info.plist;
				LD_RUNPATH_SEARCH_PATHS = "$(inherited) @executable_path/Frameworks";
				PRODUCT_NAME = "$(TARGET_NAME)";
			};
			name = Debug;
		};
		252A1CC51A6524740091CA1B /* Release */ = {
			isa = XCBuildConfiguration;
			buildSettings = {
				ASSETCATALOG_COMPILER_APPICON_NAME = AppIcon;
				INFOPLIST_FILE = RunLoop/Info.plist;
				LD_RUNPATH_SEARCH_PATHS = "$(inherited) @executable_path/Frameworks";
				PRODUCT_NAME = "$(TARGET_NAME)";
			};
			name = Release;
		};
		252A1CC71A6524740091CA1B /* Debug */ = {
			isa = XCBuildConfiguration;
			buildSettings = {
				BUNDLE_LOADER = "$(TEST_HOST)";
				FRAMEWORK_SEARCH_PATHS = (
					"$(SDKROOT)/Developer/Library/Frameworks",
					"$(inherited)",
				);
				GCC_PREPROCESSOR_DEFINITIONS = (
					"DEBUG=1",
					"$(inherited)",
				);
				INFOPLIST_FILE = RunLoopTests/Info.plist;
				LD_RUNPATH_SEARCH_PATHS = "$(inherited) @executable_path/Frameworks @loader_path/Frameworks";
				PRODUCT_NAME = "$(TARGET_NAME)";
				TEST_HOST = "$(BUILT_PRODUCTS_DIR)/RunLoop.app/RunLoop";
			};
			name = Debug;
		};
		252A1CC81A6524740091CA1B /* Release */ = {
			isa = XCBuildConfiguration;
			buildSettings = {
				BUNDLE_LOADER = "$(TEST_HOST)";
				FRAMEWORK_SEARCH_PATHS = (
					"$(SDKROOT)/Developer/Library/Frameworks",
					"$(inherited)",
				);
				INFOPLIST_FILE = RunLoopTests/Info.plist;
				LD_RUNPATH_SEARCH_PATHS = "$(inherited) @executable_path/Frameworks @loader_path/Frameworks";
				PRODUCT_NAME = "$(TARGET_NAME)";
				TEST_HOST = "$(BUILT_PRODUCTS_DIR)/RunLoop.app/RunLoop";
			};
			name = Release;
		};
/* End XCBuildConfiguration section */

/* Begin XCConfigurationList section */
		252A1C9B1A6524730091CA1B /* Build configuration list for PBXProject "RunLoop" */ = {
			isa = XCConfigurationList;
			buildConfigurations = (
				252A1CC11A6524740091CA1B /* Debug */,
				252A1CC21A6524740091CA1B /* Release */,
			);
			defaultConfigurationIsVisible = 0;
			defaultConfigurationName = Release;
		};
		252A1CC31A6524740091CA1B /* Build configuration list for PBXNativeTarget "RunLoop" */ = {
			isa = XCConfigurationList;
			buildConfigurations = (
				252A1CC41A6524740091CA1B /* Debug */,
				252A1CC51A6524740091CA1B /* Release */,
			);
			defaultConfigurationIsVisible = 0;
		};
		252A1CC61A6524740091CA1B /* Build configuration list for PBXNativeTarget "RunLoopTests" */ = {
			isa = XCConfigurationList;
			buildConfigurations = (
				252A1CC71A6524740091CA1B /* Debug */,
				252A1CC81A6524740091CA1B /* Release */,
			);
			defaultConfigurationIsVisible = 0;
		};
/* End XCConfigurationList section */
	};
	rootObject = 252A1C981A6524730091CA1B /* Project object */;
}
