// !$*UTF8*$!
{
	archiveVersion = 1;
	classes = {
	};
	objectVersion = 46;
	objects = {

/* Begin PBXBuildFile section */
		2547CC521A5A743400CF94A9 /* main.m in Sources */ = {isa = PBXBuildFile; fileRef = 2547CC511A5A743400CF94A9 /* main.m */; };
		2547CC551A5A743400CF94A9 /* AppDelegate.m in Sources */ = {isa = PBXBuildFile; fileRef = 2547CC541A5A743400CF94A9 /* AppDelegate.m */; };
		2547CC581A5A743400CF94A9 /* ViewController.m in Sources */ = {isa = PBXBuildFile; fileRef = 2547CC571A5A743400CF94A9 /* ViewController.m */; };
		2547CC5B1A5A743400CF94A9 /* Main.storyboard in Resources */ = {isa = PBXBuildFile; fileRef = 2547CC591A5A743400CF94A9 /* Main.storyboard */; };
		2547CC5D1A5A743400CF94A9 /* Images.xcassets in Resources */ = {isa = PBXBuildFile; fileRef = 2547CC5C1A5A743400CF94A9 /* Images.xcassets */; };
		2547CC601A5A743400CF94A9 /* LaunchScreen.xib in Resources */ = {isa = PBXBuildFile; fileRef = 2547CC5E1A5A743400CF94A9 /* LaunchScreen.xib */; };
		2547CC6C1A5A743400CF94A9 /* GCDAsyncSocket_CodeTests.m in Sources */ = {isa = PBXBuildFile; fileRef = 2547CC6B1A5A743400CF94A9 /* GCDAsyncSocket_CodeTests.m */; };
		25DD41501A5A7B07000274FA /* Documentation.html in Resources */ = {isa = PBXBuildFile; fileRef = 25DD414B1A5A7B07000274FA /* Documentation.html */; };
		25DD41511A5A7B07000274FA /* GCDAsyncSocket.m in Sources */ = {isa = PBXBuildFile; fileRef = 25DD414D1A5A7B07000274FA /* GCDAsyncSocket.m */; };
		25DD41521A5A7B07000274FA /* GCDAsyncUdpSocket.m in Sources */ = {isa = PBXBuildFile; fileRef = 25DD414F1A5A7B07000274FA /* GCDAsyncUdpSocket.m */; };
/* End PBXBuildFile section */

/* Begin PBXContainerItemProxy section */
		2547CC661A5A743400CF94A9 /* PBXContainerItemProxy */ = {
			isa = PBXContainerItemProxy;
			containerPortal = 2547CC441A5A743400CF94A9 /* Project object */;
			proxyType = 1;
			remoteGlobalIDString = 2547CC4B1A5A743400CF94A9;
			remoteInfo = GCDAsyncSocket_Code;
		};
/* End PBXContainerItemProxy section */

/* Begin PBXFileReference section */
		2547CC4C1A5A743400CF94A9 /* GCDAsyncSocket_Code.app */ = {isa = PBXFileReference; explicitFileType = wrapper.application; includeInIndex = 0; path = GCDAsyncSocket_Code.app; sourceTree = BUILT_PRODUCTS_DIR; };
		2547CC501A5A743400CF94A9 /* Info.plist */ = {isa = PBXFileReference; lastKnownFileType = text.plist.xml; path = Info.plist; sourceTree = "<group>"; };
		2547CC511A5A743400CF94A9 /* main.m */ = {isa = PBXFileReference; lastKnownFileType = sourcecode.c.objc; path = main.m; sourceTree = "<group>"; };
		2547CC531A5A743400CF94A9 /* AppDelegate.h */ = {isa = PBXFileReference; lastKnownFileType = sourcecode.c.h; path = AppDelegate.h; sourceTree = "<group>"; };
		2547CC541A5A743400CF94A9 /* AppDelegate.m */ = {isa = PBXFileReference; lastKnownFileType = sourcecode.c.objc; path = AppDelegate.m; sourceTree = "<group>"; };
		2547CC561A5A743400CF94A9 /* ViewController.h */ = {isa = PBXFileReference; lastKnownFileType = sourcecode.c.h; path = ViewController.h; sourceTree = "<group>"; };
		2547CC571A5A743400CF94A9 /* ViewController.m */ = {isa = PBXFileReference; lastKnownFileType = sourcecode.c.objc; path = ViewController.m; sourceTree = "<group>"; };
		2547CC5A1A5A743400CF94A9 /* Base */ = {isa = PBXFileReference; lastKnownFileType = file.storyboard; name = Base; path = Base.lproj/Main.storyboard; sourceTree = "<group>"; };
		2547CC5C1A5A743400CF94A9 /* Images.xcassets */ = {isa = PBXFileReference; lastKnownFileType = folder.assetcatalog; path = Images.xcassets; sourceTree = "<group>"; };
		2547CC5F1A5A743400CF94A9 /* Base */ = {isa = PBXFileReference; lastKnownFileType = file.xib; name = Base; path = Base.lproj/LaunchScreen.xib; sourceTree = "<group>"; };
		2547CC651A5A743400CF94A9 /* GCDAsyncSocket_CodeTests.xctest */ = {isa = PBXFileReference; explicitFileType = wrapper.cfbundle; includeInIndex = 0; path = GCDAsyncSocket_CodeTests.xctest; sourceTree = BUILT_PRODUCTS_DIR; };
		2547CC6A1A5A743400CF94A9 /* Info.plist */ = {isa = PBXFileReference; lastKnownFileType = text.plist.xml; path = Info.plist; sourceTree = "<group>"; };
		2547CC6B1A5A743400CF94A9 /* GCDAsyncSocket_CodeTests.m */ = {isa = PBXFileReference; lastKnownFileType = sourcecode.c.objc; path = GCDAsyncSocket_CodeTests.m; sourceTree = "<group>"; };
		25DD414B1A5A7B07000274FA /* Documentation.html */ = {isa = PBXFileReference; fileEncoding = 4; lastKnownFileType = text.html; path = Documentation.html; sourceTree = "<group>"; };
		25DD414C1A5A7B07000274FA /* GCDAsyncSocket.h */ = {isa = PBXFileReference; fileEncoding = 4; lastKnownFileType = sourcecode.c.h; path = GCDAsyncSocket.h; sourceTree = "<group>"; };
		25DD414D1A5A7B07000274FA /* GCDAsyncSocket.m */ = {isa = PBXFileReference; fileEncoding = 4; lastKnownFileType = sourcecode.c.objc; path = GCDAsyncSocket.m; sourceTree = "<group>"; };
		25DD414E1A5A7B07000274FA /* GCDAsyncUdpSocket.h */ = {isa = PBXFileReference; fileEncoding = 4; lastKnownFileType = sourcecode.c.h; path = GCDAsyncUdpSocket.h; sourceTree = "<group>"; };
		25DD414F1A5A7B07000274FA /* GCDAsyncUdpSocket.m */ = {isa = PBXFileReference; fileEncoding = 4; lastKnownFileType = sourcecode.c.objc; path = GCDAsyncUdpSocket.m; sourceTree = "<group>"; };
/* End PBXFileReference section */

/* Begin PBXFrameworksBuildPhase section */
		2547CC491A5A743400CF94A9 /* Frameworks */ = {
			isa = PBXFrameworksBuildPhase;
			buildActionMask = 2147483647;
			files = (
			);
			runOnlyForDeploymentPostprocessing = 0;
		};
		2547CC621A5A743400CF94A9 /* Frameworks */ = {
			isa = PBXFrameworksBuildPhase;
			buildActionMask = 2147483647;
			files = (
			);
			runOnlyForDeploymentPostprocessing = 0;
		};
/* End PBXFrameworksBuildPhase section */

/* Begin PBXGroup section */
		2547CC431A5A743400CF94A9 = {
			isa = PBXGroup;
			children = (
				2547CC4E1A5A743400CF94A9 /* GCDAsyncSocket_Code */,
				2547CC681A5A743400CF94A9 /* GCDAsyncSocket_CodeTests */,
				2547CC4D1A5A743400CF94A9 /* Products */,
			);
			sourceTree = "<group>";
		};
		2547CC4D1A5A743400CF94A9 /* Products */ = {
			isa = PBXGroup;
			children = (
				2547CC4C1A5A743400CF94A9 /* GCDAsyncSocket_Code.app */,
				2547CC651A5A743400CF94A9 /* GCDAsyncSocket_CodeTests.xctest */,
			);
			name = Products;
			sourceTree = "<group>";
		};
		2547CC4E1A5A743400CF94A9 /* GCDAsyncSocket_Code */ = {
			isa = PBXGroup;
			children = (
				25DD414A1A5A7B07000274FA /* GCD */,
				2547CC531A5A743400CF94A9 /* AppDelegate.h */,
				2547CC541A5A743400CF94A9 /* AppDelegate.m */,
				2547CC561A5A743400CF94A9 /* ViewController.h */,
				2547CC571A5A743400CF94A9 /* ViewController.m */,
				2547CC591A5A743400CF94A9 /* Main.storyboard */,
				2547CC5C1A5A743400CF94A9 /* Images.xcassets */,
				2547CC5E1A5A743400CF94A9 /* LaunchScreen.xib */,
				2547CC4F1A5A743400CF94A9 /* Supporting Files */,
			);
			path = GCDAsyncSocket_Code;
			sourceTree = "<group>";
		};
		2547CC4F1A5A743400CF94A9 /* Supporting Files */ = {
			isa = PBXGroup;
			children = (
				2547CC501A5A743400CF94A9 /* Info.plist */,
				2547CC511A5A743400CF94A9 /* main.m */,
			);
			name = "Supporting Files";
			sourceTree = "<group>";
		};
		2547CC681A5A743400CF94A9 /* GCDAsyncSocket_CodeTests */ = {
			isa = PBXGroup;
			children = (
				2547CC6B1A5A743400CF94A9 /* GCDAsyncSocket_CodeTests.m */,
				2547CC691A5A743400CF94A9 /* Supporting Files */,
			);
			path = GCDAsyncSocket_CodeTests;
			sourceTree = "<group>";
		};
		2547CC691A5A743400CF94A9 /* Supporting Files */ = {
			isa = PBXGroup;
			children = (
				2547CC6A1A5A743400CF94A9 /* Info.plist */,
			);
			name = "Supporting Files";
			sourceTree = "<group>";
		};
		25DD414A1A5A7B07000274FA /* GCD */ = {
			isa = PBXGroup;
			children = (
				25DD414B1A5A7B07000274FA /* Documentation.html */,
				25DD414C1A5A7B07000274FA /* GCDAsyncSocket.h */,
				25DD414D1A5A7B07000274FA /* GCDAsyncSocket.m */,
				25DD414E1A5A7B07000274FA /* GCDAsyncUdpSocket.h */,
				25DD414F1A5A7B07000274FA /* GCDAsyncUdpSocket.m */,
			);
			path = GCD;
			sourceTree = "<group>";
		};
/* End PBXGroup section */

/* Begin PBXNativeTarget section */
		2547CC4B1A5A743400CF94A9 /* GCDAsyncSocket_Code */ = {
			isa = PBXNativeTarget;
			buildConfigurationList = 2547CC6F1A5A743400CF94A9 /* Build configuration list for PBXNativeTarget "GCDAsyncSocket_Code" */;
			buildPhases = (
				2547CC481A5A743400CF94A9 /* Sources */,
				2547CC491A5A743400CF94A9 /* Frameworks */,
				2547CC4A1A5A743400CF94A9 /* Resources */,
			);
			buildRules = (
			);
			dependencies = (
			);
			name = GCDAsyncSocket_Code;
			productName = GCDAsyncSocket_Code;
			productReference = 2547CC4C1A5A743400CF94A9 /* GCDAsyncSocket_Code.app */;
			productType = "com.apple.product-type.application";
		};
		2547CC641A5A743400CF94A9 /* GCDAsyncSocket_CodeTests */ = {
			isa = PBXNativeTarget;
			buildConfigurationList = 2547CC721A5A743400CF94A9 /* Build configuration list for PBXNativeTarget "GCDAsyncSocket_CodeTests" */;
			buildPhases = (
				2547CC611A5A743400CF94A9 /* Sources */,
				2547CC621A5A743400CF94A9 /* Frameworks */,
				2547CC631A5A743400CF94A9 /* Resources */,
			);
			buildRules = (
			);
			dependencies = (
				2547CC671A5A743400CF94A9 /* PBXTargetDependency */,
			);
			name = GCDAsyncSocket_CodeTests;
			productName = GCDAsyncSocket_CodeTests;
			productReference = 2547CC651A5A743400CF94A9 /* GCDAsyncSocket_CodeTests.xctest */;
			productType = "com.apple.product-type.bundle.unit-test";
		};
/* End PBXNativeTarget section */

/* Begin PBXProject section */
		2547CC441A5A743400CF94A9 /* Project object */ = {
			isa = PBXProject;
			attributes = {
				LastUpgradeCheck = 0610;
				ORGANIZATIONNAME = ruian;
				TargetAttributes = {
					2547CC4B1A5A743400CF94A9 = {
						CreatedOnToolsVersion = 6.1.1;
					};
					2547CC641A5A743400CF94A9 = {
						CreatedOnToolsVersion = 6.1.1;
						TestTargetID = 2547CC4B1A5A743400CF94A9;
					};
				};
			};
			buildConfigurationList = 2547CC471A5A743400CF94A9 /* Build configuration list for PBXProject "GCDAsyncSocket_Code" */;
			compatibilityVersion = "Xcode 3.2";
			developmentRegion = English;
			hasScannedForEncodings = 0;
			knownRegions = (
				en,
				Base,
			);
			mainGroup = 2547CC431A5A743400CF94A9;
			productRefGroup = 2547CC4D1A5A743400CF94A9 /* Products */;
			projectDirPath = "";
			projectRoot = "";
			targets = (
				2547CC4B1A5A743400CF94A9 /* GCDAsyncSocket_Code */,
				2547CC641A5A743400CF94A9 /* GCDAsyncSocket_CodeTests */,
			);
		};
/* End PBXProject section */

/* Begin PBXResourcesBuildPhase section */
		2547CC4A1A5A743400CF94A9 /* Resources */ = {
			isa = PBXResourcesBuildPhase;
			buildActionMask = 2147483647;
			files = (
				2547CC5B1A5A743400CF94A9 /* Main.storyboard in Resources */,
				2547CC601A5A743400CF94A9 /* LaunchScreen.xib in Resources */,
				2547CC5D1A5A743400CF94A9 /* Images.xcassets in Resources */,
				25DD41501A5A7B07000274FA /* Documentation.html in Resources */,
			);
			runOnlyForDeploymentPostprocessing = 0;
		};
		2547CC631A5A743400CF94A9 /* Resources */ = {
			isa = PBXResourcesBuildPhase;
			buildActionMask = 2147483647;
			files = (
			);
			runOnlyForDeploymentPostprocessing = 0;
		};
/* End PBXResourcesBuildPhase section */

/* Begin PBXSourcesBuildPhase section */
		2547CC481A5A743400CF94A9 /* Sources */ = {
			isa = PBXSourcesBuildPhase;
			buildActionMask = 2147483647;
			files = (
				25DD41511A5A7B07000274FA /* GCDAsyncSocket.m in Sources */,
				25DD41521A5A7B07000274FA /* GCDAsyncUdpSocket.m in Sources */,
				2547CC581A5A743400CF94A9 /* ViewController.m in Sources */,
				2547CC551A5A743400CF94A9 /* AppDelegate.m in Sources */,
				2547CC521A5A743400CF94A9 /* main.m in Sources */,
			);
			runOnlyForDeploymentPostprocessing = 0;
		};
		2547CC611A5A743400CF94A9 /* Sources */ = {
			isa = PBXSourcesBuildPhase;
			buildActionMask = 2147483647;
			files = (
				2547CC6C1A5A743400CF94A9 /* GCDAsyncSocket_CodeTests.m in Sources */,
			);
			runOnlyForDeploymentPostprocessing = 0;
		};
/* End PBXSourcesBuildPhase section */

/* Begin PBXTargetDependency section */
		2547CC671A5A743400CF94A9 /* PBXTargetDependency */ = {
			isa = PBXTargetDependency;
			target = 2547CC4B1A5A743400CF94A9 /* GCDAsyncSocket_Code */;
			targetProxy = 2547CC661A5A743400CF94A9 /* PBXContainerItemProxy */;
		};
/* End PBXTargetDependency section */

/* Begin PBXVariantGroup section */
		2547CC591A5A743400CF94A9 /* Main.storyboard */ = {
			isa = PBXVariantGroup;
			children = (
				2547CC5A1A5A743400CF94A9 /* Base */,
			);
			name = Main.storyboard;
			sourceTree = "<group>";
		};
		2547CC5E1A5A743400CF94A9 /* LaunchScreen.xib */ = {
			isa = PBXVariantGroup;
			children = (
				2547CC5F1A5A743400CF94A9 /* Base */,
			);
			name = LaunchScreen.xib;
			sourceTree = "<group>";
		};
/* End PBXVariantGroup section */

/* Begin XCBuildConfiguration section */
		2547CC6D1A5A743400CF94A9 /* Debug */ = {
			isa = XCBuildConfiguration;
			buildSettings = {
				ALWAYS_SEARCH_USER_PATHS = NO;
				CLANG_CXX_LANGUAGE_STANDARD = "gnu++0x";
				CLANG_CXX_LIBRARY = "libc++";
				CLANG_ENABLE_MODULES = YES;
				CLANG_ENABLE_OBJC_ARC = YES;
				CLANG_WARN_BOOL_CONVERSION = YES;
				CLANG_WARN_CONSTANT_CONVERSION = YES;
				CLANG_WARN_DIRECT_OBJC_ISA_USAGE = YES_ERROR;
				CLANG_WARN_EMPTY_BODY = YES;
				CLANG_WARN_ENUM_CONVERSION = YES;
				CLANG_WARN_INT_CONVERSION = YES;
				CLANG_WARN_OBJC_ROOT_CLASS = YES_ERROR;
				CLANG_WARN_UNREACHABLE_CODE = YES;
				CLANG_WARN__DUPLICATE_METHOD_MATCH = YES;
				"CODE_SIGN_IDENTITY[sdk=iphoneos*]" = "iPhone Developer";
				COPY_PHASE_STRIP = NO;
				ENABLE_STRICT_OBJC_MSGSEND = YES;
				GCC_C_LANGUAGE_STANDARD = gnu99;
				GCC_DYNAMIC_NO_PIC = NO;
				GCC_OPTIMIZATION_LEVEL = 0;
				GCC_PREPROCESSOR_DEFINITIONS = (
					"DEBUG=1",
					"$(inherited)",
				);
				GCC_SYMBOLS_PRIVATE_EXTERN = NO;
				GCC_WARN_64_TO_32_BIT_CONVERSION = YES;
				GCC_WARN_ABOUT_RETURN_TYPE = YES_ERROR;
				GCC_WARN_UNDECLARED_SELECTOR = YES;
				GCC_WARN_UNINITIALIZED_AUTOS = YES_AGGRESSIVE;
				GCC_WARN_UNUSED_FUNCTION = YES;
				GCC_WARN_UNUSED_VARIABLE = YES;
				IPHONEOS_DEPLOYMENT_TARGET = 8.1;
				MTL_ENABLE_DEBUG_INFO = YES;
				ONLY_ACTIVE_ARCH = YES;
				SDKROOT = iphoneos;
			};
			name = Debug;
		};
		2547CC6E1A5A743400CF94A9 /* Release */ = {
			isa = XCBuildConfiguration;
			buildSettings = {
				ALWAYS_SEARCH_USER_PATHS = NO;
				CLANG_CXX_LANGUAGE_STANDARD = "gnu++0x";
				CLANG_CXX_LIBRARY = "libc++";
				CLANG_ENABLE_MODULES = YES;
				CLANG_ENABLE_OBJC_ARC = YES;
				CLANG_WARN_BOOL_CONVERSION = YES;
				CLANG_WARN_CONSTANT_CONVERSION = YES;
				CLANG_WARN_DIRECT_OBJC_ISA_USAGE = YES_ERROR;
				CLANG_WARN_EMPTY_BODY = YES;
				CLANG_WARN_ENUM_CONVERSION = YES;
				CLANG_WARN_INT_CONVERSION = YES;
				CLANG_WARN_OBJC_ROOT_CLASS = YES_ERROR;
				CLANG_WARN_UNREACHABLE_CODE = YES;
				CLANG_WARN__DUPLICATE_METHOD_MATCH = YES;
				"CODE_SIGN_IDENTITY[sdk=iphoneos*]" = "iPhone Developer";
				COPY_PHASE_STRIP = YES;
				ENABLE_NS_ASSERTIONS = NO;
				ENABLE_STRICT_OBJC_MSGSEND = YES;
				GCC_C_LANGUAGE_STANDARD = gnu99;
				GCC_WARN_64_TO_32_BIT_CONVERSION = YES;
				GCC_WARN_ABOUT_RETURN_TYPE = YES_ERROR;
				GCC_WARN_UNDECLARED_SELECTOR = YES;
				GCC_WARN_UNINITIALIZED_AUTOS = YES_AGGRESSIVE;
				GCC_WARN_UNUSED_FUNCTION = YES;
				GCC_WARN_UNUSED_VARIABLE = YES;
				IPHONEOS_DEPLOYMENT_TARGET = 8.1;
				MTL_ENABLE_DEBUG_INFO = NO;
				SDKROOT = iphoneos;
				VALIDATE_PRODUCT = YES;
			};
			name = Release;
		};
		2547CC701A5A743400CF94A9 /* Debug */ = {
			isa = XCBuildConfiguration;
			buildSettings = {
				ASSETCATALOG_COMPILER_APPICON_NAME = AppIcon;
				INFOPLIST_FILE = GCDAsyncSocket_Code/Info.plist;
				LD_RUNPATH_SEARCH_PATHS = "$(inherited) @executable_path/Frameworks";
				PRODUCT_NAME = "$(TARGET_NAME)";
			};
			name = Debug;
		};
		2547CC711A5A743400CF94A9 /* Release */ = {
			isa = XCBuildConfiguration;
			buildSettings = {
				ASSETCATALOG_COMPILER_APPICON_NAME = AppIcon;
				INFOPLIST_FILE = GCDAsyncSocket_Code/Info.plist;
				LD_RUNPATH_SEARCH_PATHS = "$(inherited) @executable_path/Frameworks";
				PRODUCT_NAME = "$(TARGET_NAME)";
			};
			name = Release;
		};
		2547CC731A5A743400CF94A9 /* Debug */ = {
			isa = XCBuildConfiguration;
			buildSettings = {
				BUNDLE_LOADER = "$(TEST_HOST)";
				FRAMEWORK_SEARCH_PATHS = (
					"$(SDKROOT)/Developer/Library/Frameworks",
					"$(inherited)",
				);
				GCC_PREPROCESSOR_DEFINITIONS = (
					"DEBUG=1",
					"$(inherited)",
				);
				INFOPLIST_FILE = GCDAsyncSocket_CodeTests/Info.plist;
				LD_RUNPATH_SEARCH_PATHS = "$(inherited) @executable_path/Frameworks @loader_path/Frameworks";
				PRODUCT_NAME = "$(TARGET_NAME)";
				TEST_HOST = "$(BUILT_PRODUCTS_DIR)/GCDAsyncSocket_Code.app/GCDAsyncSocket_Code";
			};
			name = Debug;
		};
		2547CC741A5A743400CF94A9 /* Release */ = {
			isa = XCBuildConfiguration;
			buildSettings = {
				BUNDLE_LOADER = "$(TEST_HOST)";
				FRAMEWORK_SEARCH_PATHS = (
					"$(SDKROOT)/Developer/Library/Frameworks",
					"$(inherited)",
				);
				INFOPLIST_FILE = GCDAsyncSocket_CodeTests/Info.plist;
				LD_RUNPATH_SEARCH_PATHS = "$(inherited) @executable_path/Frameworks @loader_path/Frameworks";
				PRODUCT_NAME = "$(TARGET_NAME)";
				TEST_HOST = "$(BUILT_PRODUCTS_DIR)/GCDAsyncSocket_Code.app/GCDAsyncSocket_Code";
			};
			name = Release;
		};
/* End XCBuildConfiguration section */

/* Begin XCConfigurationList section */
		2547CC471A5A743400CF94A9 /* Build configuration list for PBXProject "GCDAsyncSocket_Code" */ = {
			isa = XCConfigurationList;
			buildConfigurations = (
				2547CC6D1A5A743400CF94A9 /* Debug */,
				2547CC6E1A5A743400CF94A9 /* Release */,
			);
			defaultConfigurationIsVisible = 0;
			defaultConfigurationName = Release;
		};
		2547CC6F1A5A743400CF94A9 /* Build configuration list for PBXNativeTarget "GCDAsyncSocket_Code" */ = {
			isa = XCConfigurationList;
			buildConfigurations = (
				2547CC701A5A743400CF94A9 /* Debug */,
				2547CC711A5A743400CF94A9 /* Release */,
			);
			defaultConfigurationIsVisible = 0;
			defaultConfigurationName = Release;
		};
		2547CC721A5A743400CF94A9 /* Build configuration list for PBXNativeTarget "GCDAsyncSocket_CodeTests" */ = {
			isa = XCConfigurationList;
			buildConfigurations = (
				2547CC731A5A743400CF94A9 /* Debug */,
				2547CC741A5A743400CF94A9 /* Release */,
			);
			defaultConfigurationIsVisible = 0;
			defaultConfigurationName = Release;
		};
/* End XCConfigurationList section */
	};
	rootObject = 2547CC441A5A743400CF94A9 /* Project object */;
}
