// !$*UTF8*$!
{
	archiveVersion = 1;
	classes = {
	};
	objectVersion = 46;
	objects = {

/* Begin PBXBuildFile section */
		25CE3DCA1A56B5E7002EC546 /* main.m in Sources */ = {isa = PBXBuildFile; fileRef = 25CE3DC91A56B5E7002EC546 /* main.m */; };
		25CE3DCD1A56B5E7002EC546 /* AppDelegate.m in Sources */ = {isa = PBXBuildFile; fileRef = 25CE3DCC1A56B5E7002EC546 /* AppDelegate.m */; };
		25CE3DD01A56B5E7002EC546 /* ViewController.m in Sources */ = {isa = PBXBuildFile; fileRef = 25CE3DCF1A56B5E7002EC546 /* ViewController.m */; };
		25CE3DD31A56B5E7002EC546 /* Main.storyboard in Resources */ = {isa = PBXBuildFile; fileRef = 25CE3DD11A56B5E7002EC546 /* Main.storyboard */; };
		25CE3DD51A56B5E7002EC546 /* Images.xcassets in Resources */ = {isa = PBXBuildFile; fileRef = 25CE3DD41A56B5E7002EC546 /* Images.xcassets */; };
		25CE3DD81A56B5E7002EC546 /* LaunchScreen.xib in Resources */ = {isa = PBXBuildFile; fileRef = 25CE3DD61A56B5E7002EC546 /* LaunchScreen.xib */; };
		25CE3DE41A56B5E7002EC546 /* NSOperationTests.m in Sources */ = {isa = PBXBuildFile; fileRef = 25CE3DE31A56B5E7002EC546 /* NSOperationTests.m */; };
/* End PBXBuildFile section */

/* Begin PBXContainerItemProxy section */
		25CE3DDE1A56B5E7002EC546 /* PBXContainerItemProxy */ = {
			isa = PBXContainerItemProxy;
			containerPortal = 25CE3DBC1A56B5E7002EC546 /* Project object */;
			proxyType = 1;
			remoteGlobalIDString = 25CE3DC31A56B5E7002EC546;
			remoteInfo = NSOperation;
		};
/* End PBXContainerItemProxy section */

/* Begin PBXFileReference section */
		25CE3DC41A56B5E7002EC546 /* NSOperation.app */ = {isa = PBXFileReference; explicitFileType = wrapper.application; includeInIndex = 0; path = NSOperation.app; sourceTree = BUILT_PRODUCTS_DIR; };
		25CE3DC81A56B5E7002EC546 /* Info.plist */ = {isa = PBXFileReference; lastKnownFileType = text.plist.xml; path = Info.plist; sourceTree = "<group>"; };
		25CE3DC91A56B5E7002EC546 /* main.m */ = {isa = PBXFileReference; lastKnownFileType = sourcecode.c.objc; path = main.m; sourceTree = "<group>"; };
		25CE3DCB1A56B5E7002EC546 /* AppDelegate.h */ = {isa = PBXFileReference; lastKnownFileType = sourcecode.c.h; path = AppDelegate.h; sourceTree = "<group>"; };
		25CE3DCC1A56B5E7002EC546 /* AppDelegate.m */ = {isa = PBXFileReference; lastKnownFileType = sourcecode.c.objc; path = AppDelegate.m; sourceTree = "<group>"; };
		25CE3DCE1A56B5E7002EC546 /* ViewController.h */ = {isa = PBXFileReference; lastKnownFileType = sourcecode.c.h; path = ViewController.h; sourceTree = "<group>"; };
		25CE3DCF1A56B5E7002EC546 /* ViewController.m */ = {isa = PBXFileReference; lastKnownFileType = sourcecode.c.objc; path = ViewController.m; sourceTree = "<group>"; };
		25CE3DD21A56B5E7002EC546 /* Base */ = {isa = PBXFileReference; lastKnownFileType = file.storyboard; name = Base; path = Base.lproj/Main.storyboard; sourceTree = "<group>"; };
		25CE3DD41A56B5E7002EC546 /* Images.xcassets */ = {isa = PBXFileReference; lastKnownFileType = folder.assetcatalog; path = Images.xcassets; sourceTree = "<group>"; };
		25CE3DD71A56B5E7002EC546 /* Base */ = {isa = PBXFileReference; lastKnownFileType = file.xib; name = Base; path = Base.lproj/LaunchScreen.xib; sourceTree = "<group>"; };
		25CE3DDD1A56B5E7002EC546 /* NSOperationTests.xctest */ = {isa = PBXFileReference; explicitFileType = wrapper.cfbundle; includeInIndex = 0; path = NSOperationTests.xctest; sourceTree = BUILT_PRODUCTS_DIR; };
		25CE3DE21A56B5E7002EC546 /* Info.plist */ = {isa = PBXFileReference; lastKnownFileType = text.plist.xml; path = Info.plist; sourceTree = "<group>"; };
		25CE3DE31A56B5E7002EC546 /* NSOperationTests.m */ = {isa = PBXFileReference; lastKnownFileType = sourcecode.c.objc; path = NSOperationTests.m; sourceTree = "<group>"; };
/* End PBXFileReference section */

/* Begin PBXFrameworksBuildPhase section */
		25CE3DC11A56B5E7002EC546 /* Frameworks */ = {
			isa = PBXFrameworksBuildPhase;
			buildActionMask = 2147483647;
			files = (
			);
			runOnlyForDeploymentPostprocessing = 0;
		};
		25CE3DDA1A56B5E7002EC546 /* Frameworks */ = {
			isa = PBXFrameworksBuildPhase;
			buildActionMask = 2147483647;
			files = (
			);
			runOnlyForDeploymentPostprocessing = 0;
		};
/* End PBXFrameworksBuildPhase section */

/* Begin PBXGroup section */
		25CE3DBB1A56B5E7002EC546 = {
			isa = PBXGroup;
			children = (
				25CE3DC61A56B5E7002EC546 /* NSOperation */,
				25CE3DE01A56B5E7002EC546 /* NSOperationTests */,
				25CE3DC51A56B5E7002EC546 /* Products */,
			);
			sourceTree = "<group>";
		};
		25CE3DC51A56B5E7002EC546 /* Products */ = {
			isa = PBXGroup;
			children = (
				25CE3DC41A56B5E7002EC546 /* NSOperation.app */,
				25CE3DDD1A56B5E7002EC546 /* NSOperationTests.xctest */,
			);
			name = Products;
			sourceTree = "<group>";
		};
		25CE3DC61A56B5E7002EC546 /* NSOperation */ = {
			isa = PBXGroup;
			children = (
				25CE3DCB1A56B5E7002EC546 /* AppDelegate.h */,
				25CE3DCC1A56B5E7002EC546 /* AppDelegate.m */,
				25CE3DCE1A56B5E7002EC546 /* ViewController.h */,
				25CE3DCF1A56B5E7002EC546 /* ViewController.m */,
				25CE3DD11A56B5E7002EC546 /* Main.storyboard */,
				25CE3DD41A56B5E7002EC546 /* Images.xcassets */,
				25CE3DD61A56B5E7002EC546 /* LaunchScreen.xib */,
				25CE3DC71A56B5E7002EC546 /* Supporting Files */,
			);
			path = NSOperation;
			sourceTree = "<group>";
		};
		25CE3DC71A56B5E7002EC546 /* Supporting Files */ = {
			isa = PBXGroup;
			children = (
				25CE3DC81A56B5E7002EC546 /* Info.plist */,
				25CE3DC91A56B5E7002EC546 /* main.m */,
			);
			name = "Supporting Files";
			sourceTree = "<group>";
		};
		25CE3DE01A56B5E7002EC546 /* NSOperationTests */ = {
			isa = PBXGroup;
			children = (
				25CE3DE31A56B5E7002EC546 /* NSOperationTests.m */,
				25CE3DE11A56B5E7002EC546 /* Supporting Files */,
			);
			path = NSOperationTests;
			sourceTree = "<group>";
		};
		25CE3DE11A56B5E7002EC546 /* Supporting Files */ = {
			isa = PBXGroup;
			children = (
				25CE3DE21A56B5E7002EC546 /* Info.plist */,
			);
			name = "Supporting Files";
			sourceTree = "<group>";
		};
/* End PBXGroup section */

/* Begin PBXNativeTarget section */
		25CE3DC31A56B5E7002EC546 /* NSOperation */ = {
			isa = PBXNativeTarget;
			buildConfigurationList = 25CE3DE71A56B5E7002EC546 /* Build configuration list for PBXNativeTarget "NSOperation" */;
			buildPhases = (
				25CE3DC01A56B5E7002EC546 /* Sources */,
				25CE3DC11A56B5E7002EC546 /* Frameworks */,
				25CE3DC21A56B5E7002EC546 /* Resources */,
			);
			buildRules = (
			);
			dependencies = (
			);
			name = NSOperation;
			productName = NSOperation;
			productReference = 25CE3DC41A56B5E7002EC546 /* NSOperation.app */;
			productType = "com.apple.product-type.application";
		};
		25CE3DDC1A56B5E7002EC546 /* NSOperationTests */ = {
			isa = PBXNativeTarget;
			buildConfigurationList = 25CE3DEA1A56B5E7002EC546 /* Build configuration list for PBXNativeTarget "NSOperationTests" */;
			buildPhases = (
				25CE3DD91A56B5E7002EC546 /* Sources */,
				25CE3DDA1A56B5E7002EC546 /* Frameworks */,
				25CE3DDB1A56B5E7002EC546 /* Resources */,
			);
			buildRules = (
			);
			dependencies = (
				25CE3DDF1A56B5E7002EC546 /* PBXTargetDependency */,
			);
			name = NSOperationTests;
			productName = NSOperationTests;
			productReference = 25CE3DDD1A56B5E7002EC546 /* NSOperationTests.xctest */;
			productType = "com.apple.product-type.bundle.unit-test";
		};
/* End PBXNativeTarget section */

/* Begin PBXProject section */
		25CE3DBC1A56B5E7002EC546 /* Project object */ = {
			isa = PBXProject;
			attributes = {
				LastUpgradeCheck = 0610;
				ORGANIZATIONNAME = ruian;
				TargetAttributes = {
					25CE3DC31A56B5E7002EC546 = {
						CreatedOnToolsVersion = 6.1.1;
					};
					25CE3DDC1A56B5E7002EC546 = {
						CreatedOnToolsVersion = 6.1.1;
						TestTargetID = 25CE3DC31A56B5E7002EC546;
					};
				};
			};
			buildConfigurationList = 25CE3DBF1A56B5E7002EC546 /* Build configuration list for PBXProject "NSOperation" */;
			compatibilityVersion = "Xcode 3.2";
			developmentRegion = English;
			hasScannedForEncodings = 0;
			knownRegions = (
				en,
				Base,
			);
			mainGroup = 25CE3DBB1A56B5E7002EC546;
			productRefGroup = 25CE3DC51A56B5E7002EC546 /* Products */;
			projectDirPath = "";
			projectRoot = "";
			targets = (
				25CE3DC31A56B5E7002EC546 /* NSOperation */,
				25CE3DDC1A56B5E7002EC546 /* NSOperationTests */,
			);
		};
/* End PBXProject section */

/* Begin PBXResourcesBuildPhase section */
		25CE3DC21A56B5E7002EC546 /* Resources */ = {
			isa = PBXResourcesBuildPhase;
			buildActionMask = 2147483647;
			files = (
				25CE3DD31A56B5E7002EC546 /* Main.storyboard in Resources */,
				25CE3DD81A56B5E7002EC546 /* LaunchScreen.xib in Resources */,
				25CE3DD51A56B5E7002EC546 /* Images.xcassets in Resources */,
			);
			runOnlyForDeploymentPostprocessing = 0;
		};
		25CE3DDB1A56B5E7002EC546 /* Resources */ = {
			isa = PBXResourcesBuildPhase;
			buildActionMask = 2147483647;
			files = (
			);
			runOnlyForDeploymentPostprocessing = 0;
		};
/* End PBXResourcesBuildPhase section */

/* Begin PBXSourcesBuildPhase section */
		25CE3DC01A56B5E7002EC546 /* Sources */ = {
			isa = PBXSourcesBuildPhase;
			buildActionMask = 2147483647;
			files = (
				25CE3DD01A56B5E7002EC546 /* ViewController.m in Sources */,
				25CE3DCD1A56B5E7002EC546 /* AppDelegate.m in Sources */,
				25CE3DCA1A56B5E7002EC546 /* main.m in Sources */,
			);
			runOnlyForDeploymentPostprocessing = 0;
		};
		25CE3DD91A56B5E7002EC546 /* Sources */ = {
			isa = PBXSourcesBuildPhase;
			buildActionMask = 2147483647;
			files = (
				25CE3DE41A56B5E7002EC546 /* NSOperationTests.m in Sources */,
			);
			runOnlyForDeploymentPostprocessing = 0;
		};
/* End PBXSourcesBuildPhase section */

/* Begin PBXTargetDependency section */
		25CE3DDF1A56B5E7002EC546 /* PBXTargetDependency */ = {
			isa = PBXTargetDependency;
			target = 25CE3DC31A56B5E7002EC546 /* NSOperation */;
			targetProxy = 25CE3DDE1A56B5E7002EC546 /* PBXContainerItemProxy */;
		};
/* End PBXTargetDependency section */

/* Begin PBXVariantGroup section */
		25CE3DD11A56B5E7002EC546 /* Main.storyboard */ = {
			isa = PBXVariantGroup;
			children = (
				25CE3DD21A56B5E7002EC546 /* Base */,
			);
			name = Main.storyboard;
			sourceTree = "<group>";
		};
		25CE3DD61A56B5E7002EC546 /* LaunchScreen.xib */ = {
			isa = PBXVariantGroup;
			children = (
				25CE3DD71A56B5E7002EC546 /* Base */,
			);
			name = LaunchScreen.xib;
			sourceTree = "<group>";
		};
/* End PBXVariantGroup section */

/* Begin XCBuildConfiguration section */
		25CE3DE51A56B5E7002EC546 /* Debug */ = {
			isa = XCBuildConfiguration;
			buildSettings = {
				ALWAYS_SEARCH_USER_PATHS = NO;
				CLANG_CXX_LANGUAGE_STANDARD = "gnu++0x";
				CLANG_CXX_LIBRARY = "libc++";
				CLANG_ENABLE_MODULES = YES;
				CLANG_ENABLE_OBJC_ARC = YES;
				CLANG_WARN_BOOL_CONVERSION = YES;
				CLANG_WARN_CONSTANT_CONVERSION = YES;
				CLANG_WARN_DIRECT_OBJC_ISA_USAGE = YES_ERROR;
				CLANG_WARN_EMPTY_BODY = YES;
				CLANG_WARN_ENUM_CONVERSION = YES;
				CLANG_WARN_INT_CONVERSION = YES;
				CLANG_WARN_OBJC_ROOT_CLASS = YES_ERROR;
				CLANG_WARN_UNREACHABLE_CODE = YES;
				CLANG_WARN__DUPLICATE_METHOD_MATCH = YES;
				"CODE_SIGN_IDENTITY[sdk=iphoneos*]" = "iPhone Developer";
				COPY_PHASE_STRIP = NO;
				ENABLE_STRICT_OBJC_MSGSEND = YES;
				GCC_C_LANGUAGE_STANDARD = gnu99;
				GCC_DYNAMIC_NO_PIC = NO;
				GCC_OPTIMIZATION_LEVEL = 0;
				GCC_PREPROCESSOR_DEFINITIONS = (
					"DEBUG=1",
					"$(inherited)",
				);
				GCC_SYMBOLS_PRIVATE_EXTERN = NO;
				GCC_WARN_64_TO_32_BIT_CONVERSION = YES;
				GCC_WARN_ABOUT_RETURN_TYPE = YES_ERROR;
				GCC_WARN_UNDECLARED_SELECTOR = YES;
				GCC_WARN_UNINITIALIZED_AUTOS = YES_AGGRESSIVE;
				GCC_WARN_UNUSED_FUNCTION = YES;
				GCC_WARN_UNUSED_VARIABLE = YES;
				IPHONEOS_DEPLOYMENT_TARGET = 8.1;
				MTL_ENABLE_DEBUG_INFO = YES;
				ONLY_ACTIVE_ARCH = YES;
				SDKROOT = iphoneos;
			};
			name = Debug;
		};
		25CE3DE61A56B5E7002EC546 /* Release */ = {
			isa = XCBuildConfiguration;
			buildSettings = {
				ALWAYS_SEARCH_USER_PATHS = NO;
				CLANG_CXX_LANGUAGE_STANDARD = "gnu++0x";
				CLANG_CXX_LIBRARY = "libc++";
				CLANG_ENABLE_MODULES = YES;
				CLANG_ENABLE_OBJC_ARC = YES;
				CLANG_WARN_BOOL_CONVERSION = YES;
				CLANG_WARN_CONSTANT_CONVERSION = YES;
				CLANG_WARN_DIRECT_OBJC_ISA_USAGE = YES_ERROR;
				CLANG_WARN_EMPTY_BODY = YES;
				CLANG_WARN_ENUM_CONVERSION = YES;
				CLANG_WARN_INT_CONVERSION = YES;
				CLANG_WARN_OBJC_ROOT_CLASS = YES_ERROR;
				CLANG_WARN_UNREACHABLE_CODE = YES;
				CLANG_WARN__DUPLICATE_METHOD_MATCH = YES;
				"CODE_SIGN_IDENTITY[sdk=iphoneos*]" = "iPhone Developer";
				COPY_PHASE_STRIP = YES;
				ENABLE_NS_ASSERTIONS = NO;
				ENABLE_STRICT_OBJC_MSGSEND = YES;
				GCC_C_LANGUAGE_STANDARD = gnu99;
				GCC_WARN_64_TO_32_BIT_CONVERSION = YES;
				GCC_WARN_ABOUT_RETURN_TYPE = YES_ERROR;
				GCC_WARN_UNDECLARED_SELECTOR = YES;
				GCC_WARN_UNINITIALIZED_AUTOS = YES_AGGRESSIVE;
				GCC_WARN_UNUSED_FUNCTION = YES;
				GCC_WARN_UNUSED_VARIABLE = YES;
				IPHONEOS_DEPLOYMENT_TARGET = 8.1;
				MTL_ENABLE_DEBUG_INFO = NO;
				SDKROOT = iphoneos;
				VALIDATE_PRODUCT = YES;
			};
			name = Release;
		};
		25CE3DE81A56B5E7002EC546 /* Debug */ = {
			isa = XCBuildConfiguration;
			buildSettings = {
				ASSETCATALOG_COMPILER_APPICON_NAME = AppIcon;
				INFOPLIST_FILE = NSOperation/Info.plist;
				LD_RUNPATH_SEARCH_PATHS = "$(inherited) @executable_path/Frameworks";
				PRODUCT_NAME = "$(TARGET_NAME)";
			};
			name = Debug;
		};
		25CE3DE91A56B5E7002EC546 /* Release */ = {
			isa = XCBuildConfiguration;
			buildSettings = {
				ASSETCATALOG_COMPILER_APPICON_NAME = AppIcon;
				INFOPLIST_FILE = NSOperation/Info.plist;
				LD_RUNPATH_SEARCH_PATHS = "$(inherited) @executable_path/Frameworks";
				PRODUCT_NAME = "$(TARGET_NAME)";
			};
			name = Release;
		};
		25CE3DEB1A56B5E7002EC546 /* Debug */ = {
			isa = XCBuildConfiguration;
			buildSettings = {
				BUNDLE_LOADER = "$(TEST_HOST)";
				FRAMEWORK_SEARCH_PATHS = (
					"$(SDKROOT)/Developer/Library/Frameworks",
					"$(inherited)",
				);
				GCC_PREPROCESSOR_DEFINITIONS = (
					"DEBUG=1",
					"$(inherited)",
				);
				INFOPLIST_FILE = NSOperationTests/Info.plist;
				LD_RUNPATH_SEARCH_PATHS = "$(inherited) @executable_path/Frameworks @loader_path/Frameworks";
				PRODUCT_NAME = "$(TARGET_NAME)";
				TEST_HOST = "$(BUILT_PRODUCTS_DIR)/NSOperation.app/NSOperation";
			};
			name = Debug;
		};
		25CE3DEC1A56B5E7002EC546 /* Release */ = {
			isa = XCBuildConfiguration;
			buildSettings = {
				BUNDLE_LOADER = "$(TEST_HOST)";
				FRAMEWORK_SEARCH_PATHS = (
					"$(SDKROOT)/Developer/Library/Frameworks",
					"$(inherited)",
				);
				INFOPLIST_FILE = NSOperationTests/Info.plist;
				LD_RUNPATH_SEARCH_PATHS = "$(inherited) @executable_path/Frameworks @loader_path/Frameworks";
				PRODUCT_NAME = "$(TARGET_NAME)";
				TEST_HOST = "$(BUILT_PRODUCTS_DIR)/NSOperation.app/NSOperation";
			};
			name = Release;
		};
/* End XCBuildConfiguration section */

/* Begin XCConfigurationList section */
		25CE3DBF1A56B5E7002EC546 /* Build configuration list for PBXProject "NSOperation" */ = {
			isa = XCConfigurationList;
			buildConfigurations = (
				25CE3DE51A56B5E7002EC546 /* Debug */,
				25CE3DE61A56B5E7002EC546 /* Release */,
			);
			defaultConfigurationIsVisible = 0;
			defaultConfigurationName = Release;
		};
		25CE3DE71A56B5E7002EC546 /* Build configuration list for PBXNativeTarget "NSOperation" */ = {
			isa = XCConfigurationList;
			buildConfigurations = (
				25CE3DE81A56B5E7002EC546 /* Debug */,
				25CE3DE91A56B5E7002EC546 /* Release */,
			);
			defaultConfigurationIsVisible = 0;
		};
		25CE3DEA1A56B5E7002EC546 /* Build configuration list for PBXNativeTarget "NSOperationTests" */ = {
			isa = XCConfigurationList;
			buildConfigurations = (
				25CE3DEB1A56B5E7002EC546 /* Debug */,
				25CE3DEC1A56B5E7002EC546 /* Release */,
			);
			defaultConfigurationIsVisible = 0;
		};
/* End XCConfigurationList section */
	};
	rootObject = 25CE3DBC1A56B5E7002EC546 /* Project object */;
}
